// !$*UTF8*$!
{
	archiveVersion = 1;
	classes = {
	};
	objectVersion = 46;
	objects = {

/* Begin PBXBuildFile section */
		B22DAC4517BD7591004E65D2 /* SearchURLBuilder.m in Sources */ = {isa = PBXBuildFile; fileRef = B22DAC4417BD7591004E65D2 /* SearchURLBuilder.m */; };
		B246C1C317BABE810093626F /* UIKit.framework in Frameworks */ = {isa = PBXBuildFile; fileRef = B246C1C217BABE810093626F /* UIKit.framework */; };
		B246C1C517BABE810093626F /* Foundation.framework in Frameworks */ = {isa = PBXBuildFile; fileRef = B246C1C417BABE810093626F /* Foundation.framework */; };
		B246C1C717BABE810093626F /* CoreGraphics.framework in Frameworks */ = {isa = PBXBuildFile; fileRef = B246C1C617BABE810093626F /* CoreGraphics.framework */; };
		B246C1CD17BABE810093626F /* InfoPlist.strings in Resources */ = {isa = PBXBuildFile; fileRef = B246C1CB17BABE810093626F /* InfoPlist.strings */; };
		B246C1CF17BABE810093626F /* main.m in Sources */ = {isa = PBXBuildFile; fileRef = B246C1CE17BABE810093626F /* main.m */; };
		B246C1D317BABE810093626F /* AppDelegate.m in Sources */ = {isa = PBXBuildFile; fileRef = B246C1D217BABE810093626F /* AppDelegate.m */; };
		B246C1D517BABE810093626F /* Default.png in Resources */ = {isa = PBXBuildFile; fileRef = B246C1D417BABE810093626F /* Default.png */; };
		B246C1D717BABE810093626F /* Default@2x.png in Resources */ = {isa = PBXBuildFile; fileRef = B246C1D617BABE810093626F /* Default@2x.png */; };
		B246C1D917BABE810093626F /* Default-568h@2x.png in Resources */ = {isa = PBXBuildFile; fileRef = B246C1D817BABE810093626F /* Default-568h@2x.png */; };
		B246C1DC17BABE810093626F /* MainStoryboard.storyboard in Resources */ = {isa = PBXBuildFile; fileRef = B246C1DA17BABE810093626F /* MainStoryboard.storyboard */; };
		B246C1DF17BABE810093626F /* MainScreenViewController.m in Sources */ = {isa = PBXBuildFile; fileRef = B246C1DE17BABE810093626F /* MainScreenViewController.m */; };
		B246C1E717BBB0D90093626F /* MyMpLocationManager.m in Sources */ = {isa = PBXBuildFile; fileRef = B246C1E617BBB0D90093626F /* MyMpLocationManager.m */; };
		B246C1E917BBBBB40093626F /* CoreLocation.framework in Frameworks */ = {isa = PBXBuildFile; fileRef = B246C1E817BBBBB40093626F /* CoreLocation.framework */; };
		B246C1EC17BBD4C30093626F /* MapKit.framework in Frameworks */ = {isa = PBXBuildFile; fileRef = B246C1EB17BBD4C30093626F /* MapKit.framework */; };
		B29351F317C919DC007478E8 /* ResultScreenViewController.m in Sources */ = {isa = PBXBuildFile; fileRef = B29351F217C919DC007478E8 /* ResultScreenViewController.m */; };
		B29351F617C943AE007478E8 /* WebResultDetialViewController.m in Sources */ = {isa = PBXBuildFile; fileRef = B29351F517C943AE007478E8 /* WebResultDetialViewController.m */; };
		B2ABCC5017BF05E400540117 /* JSONDownloader.m in Sources */ = {isa = PBXBuildFile; fileRef = B2ABCC4F17BF05E400540117 /* JSONDownloader.m */; };
		B2E783ED17C9752A00E65B72 /* conservative_logo.png in Resources */ = {isa = PBXBuildFile; fileRef = B2E783EC17C9752A00E65B72 /* conservative_logo.png */; };
		B2E783F217C9773800E65B72 /* alliance_logo.png in Resources */ = {isa = PBXBuildFile; fileRef = B2E783F017C9773800E65B72 /* alliance_logo.png */; };
		B2E783F317C9773800E65B72 /* democratic_unionist.gif in Resources */ = {isa = PBXBuildFile; fileRef = B2E783F117C9773800E65B72 /* democratic_unionist.gif */; };
		B2E783F617C9790500E65B72 /* ImageChooser.m in Sources */ = {isa = PBXBuildFile; fileRef = B2E783F517C9790500E65B72 /* ImageChooser.m */; };
		B2E7840117C9834E00E65B72 /* green_logo.gif in Resources */ = {isa = PBXBuildFile; fileRef = B2E783F817C9834E00E65B72 /* green_logo.gif */; };
		B2E7840217C9834E00E65B72 /* independent_logo.png in Resources */ = {isa = PBXBuildFile; fileRef = B2E783F917C9834E00E65B72 /* independent_logo.png */; };
		B2E7840317C9834E00E65B72 /* liberal_democrat_logo.jpg in Resources */ = {isa = PBXBuildFile; fileRef = B2E783FA17C9834E00E65B72 /* liberal_democrat_logo.jpg */; };
		B2E7840417C9834E00E65B72 /* plaid_cymru_logo.jpg in Resources */ = {isa = PBXBuildFile; fileRef = B2E783FB17C9834E00E65B72 /* plaid_cymru_logo.jpg */; };
		B2E7840517C9834E00E65B72 /* respect_logo.jpg in Resources */ = {isa = PBXBuildFile; fileRef = B2E783FC17C9834E00E65B72 /* respect_logo.jpg */; };
		B2E7840617C9834E00E65B72 /* scottish_national_logo.jpg in Resources */ = {isa = PBXBuildFile; fileRef = B2E783FD17C9834E00E65B72 /* scottish_national_logo.jpg */; };
		B2E7840717C9834E00E65B72 /* SDLP_logo.jpg in Resources */ = {isa = PBXBuildFile; fileRef = B2E783FE17C9834E00E65B72 /* SDLP_logo.jpg */; };
		B2E7840817C9834E00E65B72 /* sinn_fein_logo.jpg in Resources */ = {isa = PBXBuildFile; fileRef = B2E783FF17C9834E00E65B72 /* sinn_fein_logo.jpg */; };
		B2E7840917C9834E00E65B72 /* speaker_logo.jpg in Resources */ = {isa = PBXBuildFile; fileRef = B2E7840017C9834E00E65B72 /* speaker_logo.jpg */; };
		B2E7840B17C98B5600E65B72 /* geolocation.png in Resources */ = {isa = PBXBuildFile; fileRef = B2E7840A17C98B5600E65B72 /* geolocation.png */; };
		B2E7840F17C9909B00E65B72 /* labour_logo.png in Resources */ = {isa = PBXBuildFile; fileRef = B2E7840C17C98EF700E65B72 /* labour_logo.png */; };
		B2E7841117CA3D4400E65B72 /* background.jpg in Resources */ = {isa = PBXBuildFile; fileRef = B2E7841017CA3D4400E65B72 /* background.jpg */; };
		ED4E50F117CE239A008FC695 /* ResultCell.m in Sources */ = {isa = PBXBuildFile; fileRef = ED4E50F017CE239A008FC695 /* ResultCell.m */; };
/* End PBXBuildFile section */

/* Begin PBXFileReference section */
		B22DAC4317BD7591004E65D2 /* SearchURLBuilder.h */ = {isa = PBXFileReference; fileEncoding = 4; lastKnownFileType = sourcecode.c.h; path = SearchURLBuilder.h; sourceTree = "<group>"; };
		B22DAC4417BD7591004E65D2 /* SearchURLBuilder.m */ = {isa = PBXFileReference; fileEncoding = 4; lastKnownFileType = sourcecode.c.objc; path = SearchURLBuilder.m; sourceTree = "<group>"; };
		B246C1BF17BABE810093626F /* MyMP.app */ = {isa = PBXFileReference; explicitFileType = wrapper.application; includeInIndex = 0; path = MyMP.app; sourceTree = BUILT_PRODUCTS_DIR; };
		B246C1C217BABE810093626F /* UIKit.framework */ = {isa = PBXFileReference; lastKnownFileType = wrapper.framework; name = UIKit.framework; path = System/Library/Frameworks/UIKit.framework; sourceTree = SDKROOT; };
		B246C1C417BABE810093626F /* Foundation.framework */ = {isa = PBXFileReference; lastKnownFileType = wrapper.framework; name = Foundation.framework; path = System/Library/Frameworks/Foundation.framework; sourceTree = SDKROOT; };
		B246C1C617BABE810093626F /* CoreGraphics.framework */ = {isa = PBXFileReference; lastKnownFileType = wrapper.framework; name = CoreGraphics.framework; path = System/Library/Frameworks/CoreGraphics.framework; sourceTree = SDKROOT; };
		B246C1CA17BABE810093626F /* MyMP-Info.plist */ = {isa = PBXFileReference; lastKnownFileType = text.plist.xml; path = "MyMP-Info.plist"; sourceTree = "<group>"; };
		B246C1CC17BABE810093626F /* en */ = {isa = PBXFileReference; lastKnownFileType = text.plist.strings; name = en; path = en.lproj/InfoPlist.strings; sourceTree = "<group>"; };
		B246C1CE17BABE810093626F /* main.m */ = {isa = PBXFileReference; lastKnownFileType = sourcecode.c.objc; path = main.m; sourceTree = "<group>"; };
		B246C1D017BABE810093626F /* MyMP-Prefix.pch */ = {isa = PBXFileReference; lastKnownFileType = sourcecode.c.h; path = "MyMP-Prefix.pch"; sourceTree = "<group>"; };
		B246C1D117BABE810093626F /* AppDelegate.h */ = {isa = PBXFileReference; lastKnownFileType = sourcecode.c.h; path = AppDelegate.h; sourceTree = "<group>"; };
		B246C1D217BABE810093626F /* AppDelegate.m */ = {isa = PBXFileReference; lastKnownFileType = sourcecode.c.objc; path = AppDelegate.m; sourceTree = "<group>"; };
		B246C1D417BABE810093626F /* Default.png */ = {isa = PBXFileReference; lastKnownFileType = image.png; path = Default.png; sourceTree = "<group>"; };
		B246C1D617BABE810093626F /* Default@2x.png */ = {isa = PBXFileReference; lastKnownFileType = image.png; path = "Default@2x.png"; sourceTree = "<group>"; };
		B246C1D817BABE810093626F /* Default-568h@2x.png */ = {isa = PBXFileReference; lastKnownFileType = image.png; path = "Default-568h@2x.png"; sourceTree = "<group>"; };
		B246C1DB17BABE810093626F /* en */ = {isa = PBXFileReference; lastKnownFileType = file.storyboard; name = en; path = en.lproj/MainStoryboard.storyboard; sourceTree = "<group>"; };
		B246C1DD17BABE810093626F /* MainScreenViewController.h */ = {isa = PBXFileReference; lastKnownFileType = sourcecode.c.h; path = MainScreenViewController.h; sourceTree = "<group>"; };
		B246C1DE17BABE810093626F /* MainScreenViewController.m */ = {isa = PBXFileReference; lastKnownFileType = sourcecode.c.objc; path = MainScreenViewController.m; sourceTree = "<group>"; };
		B246C1E517BBB0D90093626F /* MyMpLocationManager.h */ = {isa = PBXFileReference; fileEncoding = 4; lastKnownFileType = sourcecode.c.h; path = MyMpLocationManager.h; sourceTree = "<group>"; };
		B246C1E617BBB0D90093626F /* MyMpLocationManager.m */ = {isa = PBXFileReference; fileEncoding = 4; lastKnownFileType = sourcecode.c.objc; path = MyMpLocationManager.m; sourceTree = "<group>"; };
		B246C1E817BBBBB40093626F /* CoreLocation.framework */ = {isa = PBXFileReference; lastKnownFileType = wrapper.framework; name = CoreLocation.framework; path = System/Library/Frameworks/CoreLocation.framework; sourceTree = SDKROOT; };
		B246C1EB17BBD4C30093626F /* MapKit.framework */ = {isa = PBXFileReference; lastKnownFileType = wrapper.framework; name = MapKit.framework; path = System/Library/Frameworks/MapKit.framework; sourceTree = SDKROOT; };
		B29351F117C919DC007478E8 /* ResultScreenViewController.h */ = {isa = PBXFileReference; fileEncoding = 4; lastKnownFileType = sourcecode.c.h; path = ResultScreenViewController.h; sourceTree = "<group>"; };
		B29351F217C919DC007478E8 /* ResultScreenViewController.m */ = {isa = PBXFileReference; fileEncoding = 4; lastKnownFileType = sourcecode.c.objc; path = ResultScreenViewController.m; sourceTree = "<group>"; };
		B29351F417C943AE007478E8 /* WebResultDetialViewController.h */ = {isa = PBXFileReference; fileEncoding = 4; lastKnownFileType = sourcecode.c.h; path = WebResultDetialViewController.h; sourceTree = "<group>"; };
		B29351F517C943AE007478E8 /* WebResultDetialViewController.m */ = {isa = PBXFileReference; fileEncoding = 4; lastKnownFileType = sourcecode.c.objc; path = WebResultDetialViewController.m; sourceTree = "<group>"; };
		B2ABCC4E17BF05E400540117 /* JSONDownloader.h */ = {isa = PBXFileReference; fileEncoding = 4; lastKnownFileType = sourcecode.c.h; path = JSONDownloader.h; sourceTree = "<group>"; };
		B2ABCC4F17BF05E400540117 /* JSONDownloader.m */ = {isa = PBXFileReference; fileEncoding = 4; lastKnownFileType = sourcecode.c.objc; path = JSONDownloader.m; sourceTree = "<group>"; };
		B2E783EC17C9752A00E65B72 /* conservative_logo.png */ = {isa = PBXFileReference; lastKnownFileType = image.png; name = conservative_logo.png; path = images/conservative_logo.png; sourceTree = "<group>"; };
		B2E783F017C9773800E65B72 /* alliance_logo.png */ = {isa = PBXFileReference; lastKnownFileType = image.png; name = alliance_logo.png; path = images/alliance_logo.png; sourceTree = "<group>"; };
		B2E783F117C9773800E65B72 /* democratic_unionist.gif */ = {isa = PBXFileReference; lastKnownFileType = image.gif; name = democratic_unionist.gif; path = images/democratic_unionist.gif; sourceTree = "<group>"; };
		B2E783F417C9790500E65B72 /* ImageChooser.h */ = {isa = PBXFileReference; fileEncoding = 4; lastKnownFileType = sourcecode.c.h; path = ImageChooser.h; sourceTree = "<group>"; };
		B2E783F517C9790500E65B72 /* ImageChooser.m */ = {isa = PBXFileReference; fileEncoding = 4; lastKnownFileType = sourcecode.c.objc; path = ImageChooser.m; sourceTree = "<group>"; };
		B2E783F817C9834E00E65B72 /* green_logo.gif */ = {isa = PBXFileReference; lastKnownFileType = image.gif; name = green_logo.gif; path = images/green_logo.gif; sourceTree = "<group>"; };
		B2E783F917C9834E00E65B72 /* independent_logo.png */ = {isa = PBXFileReference; lastKnownFileType = image.png; name = independent_logo.png; path = images/independent_logo.png; sourceTree = "<group>"; };
		B2E783FA17C9834E00E65B72 /* liberal_democrat_logo.jpg */ = {isa = PBXFileReference; lastKnownFileType = image.jpeg; name = liberal_democrat_logo.jpg; path = images/liberal_democrat_logo.jpg; sourceTree = "<group>"; };
		B2E783FB17C9834E00E65B72 /* plaid_cymru_logo.jpg */ = {isa = PBXFileReference; lastKnownFileType = image.jpeg; name = plaid_cymru_logo.jpg; path = images/plaid_cymru_logo.jpg; sourceTree = "<group>"; };
		B2E783FC17C9834E00E65B72 /* respect_logo.jpg */ = {isa = PBXFileReference; lastKnownFileType = image.jpeg; name = respect_logo.jpg; path = images/respect_logo.jpg; sourceTree = "<group>"; };
		B2E783FD17C9834E00E65B72 /* scottish_national_logo.jpg */ = {isa = PBXFileReference; lastKnownFileType = image.jpeg; name = scottish_national_logo.jpg; path = images/scottish_national_logo.jpg; sourceTree = "<group>"; };
		B2E783FE17C9834E00E65B72 /* SDLP_logo.jpg */ = {isa = PBXFileReference; lastKnownFileType = image.jpeg; name = SDLP_logo.jpg; path = images/SDLP_logo.jpg; sourceTree = "<group>"; };
		B2E783FF17C9834E00E65B72 /* sinn_fein_logo.jpg */ = {isa = PBXFileReference; lastKnownFileType = image.jpeg; name = sinn_fein_logo.jpg; path = images/sinn_fein_logo.jpg; sourceTree = "<group>"; };
		B2E7840017C9834E00E65B72 /* speaker_logo.jpg */ = {isa = PBXFileReference; lastKnownFileType = image.jpeg; name = speaker_logo.jpg; path = images/speaker_logo.jpg; sourceTree = "<group>"; };
		B2E7840A17C98B5600E65B72 /* geolocation.png */ = {isa = PBXFileReference; lastKnownFileType = image.png; name = geolocation.png; path = images/geolocation.png; sourceTree = "<group>"; };
		B2E7840C17C98EF700E65B72 /* labour_logo.png */ = {isa = PBXFileReference; lastKnownFileType = image.png; name = labour_logo.png; path = images/labour_logo.png; sourceTree = "<group>"; };
		B2E7841017CA3D4400E65B72 /* background.jpg */ = {isa = PBXFileReference; lastKnownFileType = image.jpeg; name = background.jpg; path = images/background.jpg; sourceTree = "<group>"; };
		ED4E50EF17CE239A008FC695 /* ResultCell.h */ = {isa = PBXFileReference; fileEncoding = 4; lastKnownFileType = sourcecode.c.h; path = ResultCell.h; sourceTree = "<group>"; };
		ED4E50F017CE239A008FC695 /* ResultCell.m */ = {isa = PBXFileReference; fileEncoding = 4; lastKnownFileType = sourcecode.c.objc; path = ResultCell.m; sourceTree = "<group>"; };
/* End PBXFileReference section */

/* Begin PBXFrameworksBuildPhase section */
		B246C1BC17BABE810093626F /* Frameworks */ = {
			isa = PBXFrameworksBuildPhase;
			buildActionMask = 2147483647;
			files = (
				B246C1EC17BBD4C30093626F /* MapKit.framework in Frameworks */,
				B246C1E917BBBBB40093626F /* CoreLocation.framework in Frameworks */,
				B246C1C317BABE810093626F /* UIKit.framework in Frameworks */,
				B246C1C517BABE810093626F /* Foundation.framework in Frameworks */,
				B246C1C717BABE810093626F /* CoreGraphics.framework in Frameworks */,
			);
			runOnlyForDeploymentPostprocessing = 0;
		};
/* End PBXFrameworksBuildPhase section */

/* Begin PBXGroup section */
		B246C1B617BABE810093626F = {
			isa = PBXGroup;
			children = (
				B246C1C817BABE810093626F /* MyMP */,
				B246C1C117BABE810093626F /* Frameworks */,
				B246C1C017BABE810093626F /* Products */,
			);
			sourceTree = "<group>";
		};
		B246C1C017BABE810093626F /* Products */ = {
			isa = PBXGroup;
			children = (
				B246C1BF17BABE810093626F /* MyMP.app */,
			);
			name = Products;
			sourceTree = "<group>";
		};
		B246C1C117BABE810093626F /* Frameworks */ = {
			isa = PBXGroup;
			children = (
				B246C1EB17BBD4C30093626F /* MapKit.framework */,
				B246C1E817BBBBB40093626F /* CoreLocation.framework */,
				B246C1C217BABE810093626F /* UIKit.framework */,
				B246C1C417BABE810093626F /* Foundation.framework */,
				B246C1C617BABE810093626F /* CoreGraphics.framework */,
			);
			name = Frameworks;
			sourceTree = "<group>";
		};
		B246C1C817BABE810093626F /* MyMP */ = {
			isa = PBXGroup;
			children = (
				B2E783F717C9796000E65B72 /* Helpers */,
				B2E783E917C9750600E65B72 /* Images */,
				B2DFEDCC17C95DAD002A775F /* Location */,
				B2DFEDCB17C95D8E002A775F /* Network */,
				B2DFEDCA17C95D52002A775F /* Models */,
				B2DFEDC917C95D3E002A775F /* UI */,
				B2DFEDC817C95D18002A775F /* View Controllers */,
				B246C1C917BABE810093626F /* Supporting Files */,
			);
			path = MyMP;
			sourceTree = "<group>";
		};
		B246C1C917BABE810093626F /* Supporting Files */ = {
			isa = PBXGroup;
			children = (
				B246C1D117BABE810093626F /* AppDelegate.h */,
				B246C1D217BABE810093626F /* AppDelegate.m */,
				B246C1CA17BABE810093626F /* MyMP-Info.plist */,
				B246C1CB17BABE810093626F /* InfoPlist.strings */,
				B246C1CE17BABE810093626F /* main.m */,
				B246C1D017BABE810093626F /* MyMP-Prefix.pch */,
				B246C1D417BABE810093626F /* Default.png */,
				B246C1D617BABE810093626F /* Default@2x.png */,
				B246C1D817BABE810093626F /* Default-568h@2x.png */,
			);
			name = "Supporting Files";
			sourceTree = "<group>";
		};
		B2DFEDC817C95D18002A775F /* View Controllers */ = {
			isa = PBXGroup;
			children = (
				B246C1DD17BABE810093626F /* MainScreenViewController.h */,
				B246C1DE17BABE810093626F /* MainScreenViewController.m */,
				B29351F117C919DC007478E8 /* ResultScreenViewController.h */,
				B29351F217C919DC007478E8 /* ResultScreenViewController.m */,
				B29351F417C943AE007478E8 /* WebResultDetialViewController.h */,
				B29351F517C943AE007478E8 /* WebResultDetialViewController.m */,
			);
			name = "View Controllers";
			sourceTree = "<group>";
		};
		B2DFEDC917C95D3E002A775F /* UI */ = {
			isa = PBXGroup;
			children = (
				B246C1DA17BABE810093626F /* MainStoryboard.storyboard */,
				ED4E50EF17CE239A008FC695 /* ResultCell.h */,
				ED4E50F017CE239A008FC695 /* ResultCell.m */,
			);
			name = UI;
			sourceTree = "<group>";
		};
		B2DFEDCA17C95D52002A775F /* Models */ = {
			isa = PBXGroup;
			children = (
			);
			name = Models;
			sourceTree = "<group>";
		};
		B2DFEDCB17C95D8E002A775F /* Network */ = {
			isa = PBXGroup;
			children = (
				B22DAC4317BD7591004E65D2 /* SearchURLBuilder.h */,
				B22DAC4417BD7591004E65D2 /* SearchURLBuilder.m */,
				B2ABCC4E17BF05E400540117 /* JSONDownloader.h */,
				B2ABCC4F17BF05E400540117 /* JSONDownloader.m */,
			);
			name = Network;
			sourceTree = "<group>";
		};
		B2DFEDCC17C95DAD002A775F /* Location */ = {
			isa = PBXGroup;
			children = (
				B246C1E517BBB0D90093626F /* MyMpLocationManager.h */,
				B246C1E617BBB0D90093626F /* MyMpLocationManager.m */,
			);
			name = Location;
			sourceTree = "<group>";
		};
		B2E783E917C9750600E65B72 /* Images */ = {
			isa = PBXGroup;
			children = (
				B2E7841017CA3D4400E65B72 /* background.jpg */,
				B2E7840C17C98EF700E65B72 /* labour_logo.png */,
				B2E783F817C9834E00E65B72 /* green_logo.gif */,
				B2E783F917C9834E00E65B72 /* independent_logo.png */,
				B2E783FA17C9834E00E65B72 /* liberal_democrat_logo.jpg */,
				B2E783FB17C9834E00E65B72 /* plaid_cymru_logo.jpg */,
				B2E783FC17C9834E00E65B72 /* respect_logo.jpg */,
				B2E783FD17C9834E00E65B72 /* scottish_national_logo.jpg */,
				B2E783FE17C9834E00E65B72 /* SDLP_logo.jpg */,
				B2E783FF17C9834E00E65B72 /* sinn_fein_logo.jpg */,
				B2E7840017C9834E00E65B72 /* speaker_logo.jpg */,
				B2E783F017C9773800E65B72 /* alliance_logo.png */,
				B2E783F117C9773800E65B72 /* democratic_unionist.gif */,
				B2E783EC17C9752A00E65B72 /* conservative_logo.png */,
			);
			name = Images;
			sourceTree = "<group>";
		};
		B2E783F717C9796000E65B72 /* Helpers */ = {
			isa = PBXGroup;
			children = (
				B2E783F417C9790500E65B72 /* ImageChooser.h */,
				B2E783F517C9790500E65B72 /* ImageChooser.m */,
				B2E7840A17C98B5600E65B72 /* geolocation.png */,
			);
			name = Helpers;
			sourceTree = "<group>";
		};
/* End PBXGroup section */

/* Begin PBXNativeTarget section */
		B246C1BE17BABE810093626F /* MyMP */ = {
			isa = PBXNativeTarget;
			buildConfigurationList = B246C1E217BABE810093626F /* Build configuration list for PBXNativeTarget "MyMP" */;
			buildPhases = (
				B246C1BB17BABE810093626F /* Sources */,
				B246C1BC17BABE810093626F /* Frameworks */,
				B246C1BD17BABE810093626F /* Resources */,
			);
			buildRules = (
			);
			dependencies = (
			);
			name = MyMP;
			productName = MyMP;
			productReference = B246C1BF17BABE810093626F /* MyMP.app */;
			productType = "com.apple.product-type.application";
		};
/* End PBXNativeTarget section */

/* Begin PBXProject section */
		B246C1B717BABE810093626F /* Project object */ = {
			isa = PBXProject;
			attributes = {
				LastUpgradeCheck = 0460;
				ORGANIZATIONNAME = "James Owen";
			};
			buildConfigurationList = B246C1BA17BABE810093626F /* Build configuration list for PBXProject "MyMP" */;
			compatibilityVersion = "Xcode 3.2";
			developmentRegion = English;
			hasScannedForEncodings = 0;
			knownRegions = (
				en,
			);
			mainGroup = B246C1B617BABE810093626F;
			productRefGroup = B246C1C017BABE810093626F /* Products */;
			projectDirPath = "";
			projectRoot = "";
			targets = (
				B246C1BE17BABE810093626F /* MyMP */,
			);
		};
/* End PBXProject section */

/* Begin PBXResourcesBuildPhase section */
		B246C1BD17BABE810093626F /* Resources */ = {
			isa = PBXResourcesBuildPhase;
			buildActionMask = 2147483647;
			files = (
				B2E7840F17C9909B00E65B72 /* labour_logo.png in Resources */,
				B246C1CD17BABE810093626F /* InfoPlist.strings in Resources */,
				B246C1D517BABE810093626F /* Default.png in Resources */,
				B246C1D717BABE810093626F /* Default@2x.png in Resources */,
				B246C1D917BABE810093626F /* Default-568h@2x.png in Resources */,
				B246C1DC17BABE810093626F /* MainStoryboard.storyboard in Resources */,
				B2E783ED17C9752A00E65B72 /* conservative_logo.png in Resources */,
				B2E783F217C9773800E65B72 /* alliance_logo.png in Resources */,
				B2E783F317C9773800E65B72 /* democratic_unionist.gif in Resources */,
				B2E7840117C9834E00E65B72 /* green_logo.gif in Resources */,
				B2E7840217C9834E00E65B72 /* independent_logo.png in Resources */,
				B2E7840317C9834E00E65B72 /* liberal_democrat_logo.jpg in Resources */,
				B2E7840417C9834E00E65B72 /* plaid_cymru_logo.jpg in Resources */,
				B2E7840517C9834E00E65B72 /* respect_logo.jpg in Resources */,
				B2E7840617C9834E00E65B72 /* scottish_national_logo.jpg in Resources */,
				B2E7840717C9834E00E65B72 /* SDLP_logo.jpg in Resources */,
				B2E7840817C9834E00E65B72 /* sinn_fein_logo.jpg in Resources */,
				B2E7840917C9834E00E65B72 /* speaker_logo.jpg in Resources */,
				B2E7840B17C98B5600E65B72 /* geolocation.png in Resources */,
				B2E7841117CA3D4400E65B72 /* background.jpg in Resources */,
			);
			runOnlyForDeploymentPostprocessing = 0;
		};
/* End PBXResourcesBuildPhase section */

/* Begin PBXSourcesBuildPhase section */
		B246C1BB17BABE810093626F /* Sources */ = {
			isa = PBXSourcesBuildPhase;
			buildActionMask = 2147483647;
			files = (
				B246C1CF17BABE810093626F /* main.m in Sources */,
				B246C1D317BABE810093626F /* AppDelegate.m in Sources */,
				B246C1DF17BABE810093626F /* MainScreenViewController.m in Sources */,
				B246C1E717BBB0D90093626F /* MyMpLocationManager.m in Sources */,
				B22DAC4517BD7591004E65D2 /* SearchURLBuilder.m in Sources */,
				B2ABCC5017BF05E400540117 /* JSONDownloader.m in Sources */,
				B29351F317C919DC007478E8 /* ResultScreenViewController.m in Sources */,
				B29351F617C943AE007478E8 /* WebResultDetialViewController.m in Sources */,
				B2E783F617C9790500E65B72 /* ImageChooser.m in Sources */,
				ED4E50F117CE239A008FC695 /* ResultCell.m in Sources */,
			);
			runOnlyForDeploymentPostprocessing = 0;
		};
/* End PBXSourcesBuildPhase section */

/* Begin PBXVariantGroup section */
		B246C1CB17BABE810093626F /* InfoPlist.strings */ = {
			isa = PBXVariantGroup;
			children = (
				B246C1CC17BABE810093626F /* en */,
			);
			name = InfoPlist.strings;
			sourceTree = "<group>";
		};
		B246C1DA17BABE810093626F /* MainStoryboard.storyboard */ = {
			isa = PBXVariantGroup;
			children = (
				B246C1DB17BABE810093626F /* en */,
			);
			name = MainStoryboard.storyboard;
			sourceTree = "<group>";
		};
/* End PBXVariantGroup section */

/* Begin XCBuildConfiguration section */
		B246C1E017BABE810093626F /* Debug */ = {
			isa = XCBuildConfiguration;
			buildSettings = {
				ALWAYS_SEARCH_USER_PATHS = NO;
				CLANG_CXX_LANGUAGE_STANDARD = "gnu++0x";
				CLANG_CXX_LIBRARY = "libc++";
				CLANG_ENABLE_OBJC_ARC = YES;
				CLANG_WARN_CONSTANT_CONVERSION = YES;
				CLANG_WARN_EMPTY_BODY = YES;
				CLANG_WARN_ENUM_CONVERSION = YES;
				CLANG_WARN_INT_CONVERSION = YES;
				CLANG_WARN__DUPLICATE_METHOD_MATCH = YES;
				"CODE_SIGN_IDENTITY[sdk=iphoneos*]" = "iPhone Developer";
				COPY_PHASE_STRIP = NO;
				GCC_C_LANGUAGE_STANDARD = gnu99;
				GCC_DYNAMIC_NO_PIC = NO;
				GCC_OPTIMIZATION_LEVEL = 0;
				GCC_PREPROCESSOR_DEFINITIONS = (
					"DEBUG=1",
					"$(inherited)",
				);
				GCC_SYMBOLS_PRIVATE_EXTERN = NO;
				GCC_WARN_ABOUT_RETURN_TYPE = YES;
				GCC_WARN_UNINITIALIZED_AUTOS = YES;
				GCC_WARN_UNUSED_VARIABLE = YES;
				IPHONEOS_DEPLOYMENT_TARGET = 6.1;
				ONLY_ACTIVE_ARCH = YES;
				SDKROOT = iphoneos;
			};
			name = Debug;
		};
		B246C1E117BABE810093626F /* Release */ = {
			isa = XCBuildConfiguration;
			buildSettings = {
				ALWAYS_SEARCH_USER_PATHS = NO;
				CLANG_CXX_LANGUAGE_STANDARD = "gnu++0x";
				CLANG_CXX_LIBRARY = "libc++";
				CLANG_ENABLE_OBJC_ARC = YES;
				CLANG_WARN_CONSTANT_CONVERSION = YES;
				CLANG_WARN_EMPTY_BODY = YES;
				CLANG_WARN_ENUM_CONVERSION = YES;
				CLANG_WARN_INT_CONVERSION = YES;
				CLANG_WARN__DUPLICATE_METHOD_MATCH = YES;
				"CODE_SIGN_IDENTITY[sdk=iphoneos*]" = "iPhone Developer";
				COPY_PHASE_STRIP = YES;
				GCC_C_LANGUAGE_STANDARD = gnu99;
				GCC_WARN_ABOUT_RETURN_TYPE = YES;
				GCC_WARN_UNINITIALIZED_AUTOS = YES;
				GCC_WARN_UNUSED_VARIABLE = YES;
				IPHONEOS_DEPLOYMENT_TARGET = 6.1;
				OTHER_CFLAGS = "-DNS_BLOCK_ASSERTIONS=1";
				SDKROOT = iphoneos;
				VALIDATE_PRODUCT = YES;
			};
			name = Release;
		};
		B246C1E317BABE810093626F /* Debug */ = {
			isa = XCBuildConfiguration;
			buildSettings = {
				GCC_PRECOMPILE_PREFIX_HEADER = YES;
				GCC_PREFIX_HEADER = "MyMP/MyMP-Prefix.pch";
				INFOPLIST_FILE = "MyMP/MyMP-Info.plist";
				IPHONEOS_DEPLOYMENT_TARGET = 5.0;
				PRODUCT_NAME = "$(TARGET_NAME)";
				WRAPPER_EXTENSION = app;
			};
			name = Debug;
		};
		B246C1E417BABE810093626F /* Release */ = {
			isa = XCBuildConfiguration;
			buildSettings = {
				GCC_PRECOMPILE_PREFIX_HEADER = YES;
				GCC_PREFIX_HEADER = "MyMP/MyMP-Prefix.pch";
				INFOPLIST_FILE = "MyMP/MyMP-Info.plist";
				IPHONEOS_DEPLOYMENT_TARGET = 5.0;
				PRODUCT_NAME = "$(TARGET_NAME)";
				WRAPPER_EXTENSION = app;
			};
			name = Release;
		};
/* End XCBuildConfiguration section */

/* Begin XCConfigurationList section */
		B246C1BA17BABE810093626F /* Build configuration list for PBXProject "MyMP" */ = {
			isa = XCConfigurationList;
			buildConfigurations = (
				B246C1E017BABE810093626F /* Debug */,
				B246C1E117BABE810093626F /* Release */,
			);
			defaultConfigurationIsVisible = 0;
			defaultConfigurationName = Release;
		};
		B246C1E217BABE810093626F /* Build configuration list for PBXNativeTarget "MyMP" */ = {
			isa = XCConfigurationList;
			buildConfigurations = (
				B246C1E317BABE810093626F /* Debug */,
				B246C1E417BABE810093626F /* Release */,
			);
			defaultConfigurationIsVisible = 0;
			defaultConfigurationName = Release;
		};
/* End XCConfigurationList section */
	};
	rootObject = B246C1B717BABE810093626F /* Project object */;
}
